
Microsoft Visual Studio Solution File, Format Version 12.00
# Visual Studio 15
VisualStudioVersion = 15.0.28307.271
MinimumVisualStudioVersion = 10.0.40219.1
Project("{FAE04EC0-301F-11D3-BF4B-00C04F79EFBC}") = "WinFormsHW6", "WinFormsHW6\WinFormsHW6.csproj", "{49B50602-59E7-41C2-9D91-9EB8254BA486}"
EndProject
Global
	GlobalSection(SolutionConfigurationPlatforms) = preSolution
		Debug|Any CPU = Debug|Any CPU
		Release|Any CPU = Release|Any CPU
	EndGlobalSection
	GlobalSection(ProjectConfigurationPlatforms) = postSolution
		{49B50602-59E7-41C2-9D91-9EB8254BA486}.Debug|Any CPU.ActiveCfg = Debug|Any CPU
		{49B50602-59E7-41C2-9D91-9EB8254BA486}.Debug|Any CPU.Build.0 = Debug|Any CPU
		{49B50602-59E7-41C2-9D91-9EB8254BA486}.Release|Any CPU.ActiveCfg = Release|Any CPU
		{49B50602-59E7-41C2-9D91-9EB8254BA486}.Release|Any CPU.Build.0 = Release|Any CPU
	EndGlobalSection
	GlobalSection(SolutionProperties) = preSolution
		HideSolutionNode = FALSE
	EndGlobalSection
	GlobalSection(ExtensibilityGlobals) = postSolution
		SolutionGuid = {8FA8CADD-F067-48CE-9722-22ABB3FCCCF2}
	EndGlobalSection
EndGlobal
